
Microsoft Visual Studio Solution File, Format Version 12.00
# Visual Studio Version 16
VisualStudioVersion = 16.0.29911.84
MinimumVisualStudioVersion = 10.0.40219.1
Project("{FAE04EC0-301F-11D3-BF4B-00C04F79EFBC}") = "PSS_Schedule", "PSS_Schedule\PSS_Schedule.csproj", "{36E0A970-B783-472A-87A6-CE246773001B}"
EndProject
Project("{C7167F0D-BC9F-4E6E-AFE1-012C56B48DB5}") = "PSS_ScheduleWAP", "PSS_ScheduleWAP\PSS_ScheduleWAP.wapproj", "{5C3B873A-B2E5-4F2B-8B24-42C0FAF0E3D0}"
EndProject
Project("{FAE04EC0-301F-11D3-BF4B-00C04F79EFBC}") = "ConstraintSolver", "ConstraintSolver\ConstraintSolver.csproj", "{4C733EDF-5599-4AC2-AC0E-3D4C59134E6D}"
EndProject
Project("{FAE04EC0-301F-11D3-BF4B-00C04F79EFBC}") = "UnitTestProject", "UnitTestProject\UnitTestProject.csproj", "{0773003E-B863-4328-B98D-427C443A407B}"
EndProject
Global
	GlobalSection(SolutionConfigurationPlatforms) = preSolution
		Debug|Any CPU = Debug|Any CPU
		Debug|ARM = Debug|ARM
		Debug|ARM64 = Debug|ARM64
		Debug|x64 = Debug|x64
		Debug|x86 = Debug|x86
		Release|Any CPU = Release|Any CPU
		Release|ARM = Release|ARM
		Release|ARM64 = Release|ARM64
		Release|x64 = Release|x64
		Release|x86 = Release|x86
	EndGlobalSection
	GlobalSection(ProjectConfigurationPlatforms) = postSolution
		{36E0A970-B783-472A-87A6-CE246773001B}.Debug|Any CPU.ActiveCfg = Debug|x64
		{36E0A970-B783-472A-87A6-CE246773001B}.Debug|Any CPU.Build.0 = Debug|x64
		{36E0A970-B783-472A-87A6-CE246773001B}.Debug|Any CPU.Deploy.0 = Debug|x64
		{36E0A970-B783-472A-87A6-CE246773001B}.Debug|ARM.ActiveCfg = Debug|ARM
		{36E0A970-B783-472A-87A6-CE246773001B}.Debug|ARM.Build.0 = Debug|ARM
		{36E0A970-B783-472A-87A6-CE246773001B}.Debug|ARM.Deploy.0 = Debug|ARM
		{36E0A970-B783-472A-87A6-CE246773001B}.Debug|ARM64.ActiveCfg = Debug|ARM64
		{36E0A970-B783-472A-87A6-CE246773001B}.Debug|ARM64.Build.0 = Debug|ARM64
		{36E0A970-B783-472A-87A6-CE246773001B}.Debug|ARM64.Deploy.0 = Debug|ARM64
		{36E0A970-B783-472A-87A6-CE246773001B}.Debug|x64.ActiveCfg = Debug|x86
		{36E0A970-B783-472A-87A6-CE246773001B}.Debug|x64.Build.0 = Debug|x86
		{36E0A970-B783-472A-87A6-CE246773001B}.Debug|x64.Deploy.0 = Debug|x86
		{36E0A970-B783-472A-87A6-CE246773001B}.Debug|x86.ActiveCfg = Debug|x86
		{36E0A970-B783-472A-87A6-CE246773001B}.Debug|x86.Build.0 = Debug|x86
		{36E0A970-B783-472A-87A6-CE246773001B}.Debug|x86.Deploy.0 = Debug|x86
		{36E0A970-B783-472A-87A6-CE246773001B}.Release|Any CPU.ActiveCfg = Release|x86
		{36E0A970-B783-472A-87A6-CE246773001B}.Release|ARM.ActiveCfg = Release|ARM
		{36E0A970-B783-472A-87A6-CE246773001B}.Release|ARM.Build.0 = Release|ARM
		{36E0A970-B783-472A-87A6-CE246773001B}.Release|ARM.Deploy.0 = Release|ARM
		{36E0A970-B783-472A-87A6-CE246773001B}.Release|ARM64.ActiveCfg = Release|ARM64
		{36E0A970-B783-472A-87A6-CE246773001B}.Release|ARM64.Build.0 = Release|ARM64
		{36E0A970-B783-472A-87A6-CE246773001B}.Release|ARM64.Deploy.0 = Release|ARM64
		{36E0A970-B783-472A-87A6-CE246773001B}.Release|x64.ActiveCfg = Release|x64
		{36E0A970-B783-472A-87A6-CE246773001B}.Release|x64.Build.0 = Release|x64
		{36E0A970-B783-472A-87A6-CE246773001B}.Release|x64.Deploy.0 = Release|x64
		{36E0A970-B783-472A-87A6-CE246773001B}.Release|x86.ActiveCfg = Release|x86
		{36E0A970-B783-472A-87A6-CE246773001B}.Release|x86.Build.0 = Release|x86
		{36E0A970-B783-472A-87A6-CE246773001B}.Release|x86.Deploy.0 = Release|x86
		{5C3B873A-B2E5-4F2B-8B24-42C0FAF0E3D0}.Debug|Any CPU.ActiveCfg = Debug|x64
		{5C3B873A-B2E5-4F2B-8B24-42C0FAF0E3D0}.Debug|Any CPU.Build.0 = Debug|x64
		{5C3B873A-B2E5-4F2B-8B24-42C0FAF0E3D0}.Debug|Any CPU.Deploy.0 = Debug|x64
		{5C3B873A-B2E5-4F2B-8B24-42C0FAF0E3D0}.Debug|ARM.ActiveCfg = Debug|ARM
		{5C3B873A-B2E5-4F2B-8B24-42C0FAF0E3D0}.Debug|ARM.Build.0 = Debug|ARM
		{5C3B873A-B2E5-4F2B-8B24-42C0FAF0E3D0}.Debug|ARM.Deploy.0 = Debug|ARM
		{5C3B873A-B2E5-4F2B-8B24-42C0FAF0E3D0}.Debug|ARM64.ActiveCfg = Debug|ARM64
		{5C3B873A-B2E5-4F2B-8B24-42C0FAF0E3D0}.Debug|ARM64.Build.0 = Debug|ARM64
		{5C3B873A-B2E5-4F2B-8B24-42C0FAF0E3D0}.Debug|ARM64.Deploy.0 = Debug|ARM64
		{5C3B873A-B2E5-4F2B-8B24-42C0FAF0E3D0}.Debug|x64.ActiveCfg = Debug|x86
		{5C3B873A-B2E5-4F2B-8B24-42C0FAF0E3D0}.Debug|x64.Build.0 = Debug|x86
		{5C3B873A-B2E5-4F2B-8B24-42C0FAF0E3D0}.Debug|x64.Deploy.0 = Debug|x86
		{5C3B873A-B2E5-4F2B-8B24-42C0FAF0E3D0}.Debug|x86.ActiveCfg = Debug|x86
		{5C3B873A-B2E5-4F2B-8B24-42C0FAF0E3D0}.Debug|x86.Build.0 = Debug|x86
		{5C3B873A-B2E5-4F2B-8B24-42C0FAF0E3D0}.Debug|x86.Deploy.0 = Debug|x86
		{5C3B873A-B2E5-4F2B-8B24-42C0FAF0E3D0}.Release|Any CPU.ActiveCfg = Release|Any CPU
		{5C3B873A-B2E5-4F2B-8B24-42C0FAF0E3D0}.Release|Any CPU.Build.0 = Release|Any CPU
		{5C3B873A-B2E5-4F2B-8B24-42C0FAF0E3D0}.Release|Any CPU.Deploy.0 = Release|Any CPU
		{5C3B873A-B2E5-4F2B-8B24-42C0FAF0E3D0}.Release|ARM.ActiveCfg = Release|ARM
		{5C3B873A-B2E5-4F2B-8B24-42C0FAF0E3D0}.Release|ARM.Build.0 = Release|ARM
		{5C3B873A-B2E5-4F2B-8B24-42C0FAF0E3D0}.Release|ARM.Deploy.0 = Release|ARM
		{5C3B873A-B2E5-4F2B-8B24-42C0FAF0E3D0}.Release|ARM64.ActiveCfg = Release|ARM64
		{5C3B873A-B2E5-4F2B-8B24-42C0FAF0E3D0}.Release|ARM64.Build.0 = Release|ARM64
		{5C3B873A-B2E5-4F2B-8B24-42C0FAF0E3D0}.Release|ARM64.Deploy.0 = Release|ARM64
		{5C3B873A-B2E5-4F2B-8B24-42C0FAF0E3D0}.Release|x64.ActiveCfg = Release|x64
		{5C3B873A-B2E5-4F2B-8B24-42C0FAF0E3D0}.Release|x64.Build.0 = Release|x64
		{5C3B873A-B2E5-4F2B-8B24-42C0FAF0E3D0}.Release|x64.Deploy.0 = Release|x64
		{5C3B873A-B2E5-4F2B-8B24-42C0FAF0E3D0}.Release|x86.ActiveCfg = Release|x86
		{5C3B873A-B2E5-4F2B-8B24-42C0FAF0E3D0}.Release|x86.Build.0 = Release|x86
		{5C3B873A-B2E5-4F2B-8B24-42C0FAF0E3D0}.Release|x86.Deploy.0 = Release|x86
		{4C733EDF-5599-4AC2-AC0E-3D4C59134E6D}.Debug|Any CPU.ActiveCfg = Debug|Any CPU
		{4C733EDF-5599-4AC2-AC0E-3D4C59134E6D}.Debug|Any CPU.Build.0 = Debug|Any CPU
		{4C733EDF-5599-4AC2-AC0E-3D4C59134E6D}.Debug|ARM.ActiveCfg = Debug|Any CPU
		{4C733EDF-5599-4AC2-AC0E-3D4C59134E6D}.Debug|ARM.Build.0 = Debug|Any CPU
		{4C733EDF-5599-4AC2-AC0E-3D4C59134E6D}.Debug|ARM64.ActiveCfg = Debug|Any CPU
		{4C733EDF-5599-4AC2-AC0E-3D4C59134E6D}.Debug|ARM64.Build.0 = Debug|Any CPU
		{4C733EDF-5599-4AC2-AC0E-3D4C59134E6D}.Debug|x64.ActiveCfg = Debug|Any CPU
		{4C733EDF-5599-4AC2-AC0E-3D4C59134E6D}.Debug|x64.Build.0 = Debug|Any CPU
		{4C733EDF-5599-4AC2-AC0E-3D4C59134E6D}.Debug|x86.ActiveCfg = Debug|Any CPU
		{4C733EDF-5599-4AC2-AC0E-3D4C59134E6D}.Debug|x86.Build.0 = Debug|Any CPU
		{4C733EDF-5599-4AC2-AC0E-3D4C59134E6D}.Release|Any CPU.ActiveCfg = Release|Any CPU
		{4C733EDF-5599-4AC2-AC0E-3D4C59134E6D}.Release|Any CPU.Build.0 = Release|Any CPU
		{4C733EDF-5599-4AC2-AC0E-3D4C59134E6D}.Release|ARM.ActiveCfg = Release|Any CPU
		{4C733EDF-5599-4AC2-AC0E-3D4C59134E6D}.Release|ARM.Build.0 = Release|Any CPU
		{4C733EDF-5599-4AC2-AC0E-3D4C59134E6D}.Release|ARM64.ActiveCfg = Release|Any CPU
		{4C733EDF-5599-4AC2-AC0E-3D4C59134E6D}.Release|ARM64.Build.0 = Release|Any CPU
		{4C733EDF-5599-4AC2-AC0E-3D4C59134E6D}.Release|x64.ActiveCfg = Release|Any CPU
		{4C733EDF-5599-4AC2-AC0E-3D4C59134E6D}.Release|x64.Build.0 = Release|Any CPU
		{4C733EDF-5599-4AC2-AC0E-3D4C59134E6D}.Release|x86.ActiveCfg = Release|Any CPU
		{4C733EDF-5599-4AC2-AC0E-3D4C59134E6D}.Release|x86.Build.0 = Release|Any CPU
		{0773003E-B863-4328-B98D-427C443A407B}.Debug|Any CPU.ActiveCfg = Debug|Any CPU
		{0773003E-B863-4328-B98D-427C443A407B}.Debug|Any CPU.Build.0 = Debug|Any CPU
		{0773003E-B863-4328-B98D-427C443A407B}.Debug|ARM.ActiveCfg = Debug|Any CPU
		{0773003E-B863-4328-B98D-427C443A407B}.Debug|ARM.Build.0 = Debug|Any CPU
		{0773003E-B863-4328-B98D-427C443A407B}.Debug|ARM64.ActiveCfg = Debug|Any CPU
		{0773003E-B863-4328-B98D-427C443A407B}.Debug|ARM64.Build.0 = Debug|Any CPU
		{0773003E-B863-4328-B98D-427C443A407B}.Debug|x64.ActiveCfg = Debug|Any CPU
		{0773003E-B863-4328-B98D-427C443A407B}.Debug|x64.Build.0 = Debug|Any CPU
		{0773003E-B863-4328-B98D-427C443A407B}.Debug|x86.ActiveCfg = Debug|Any CPU
		{0773003E-B863-4328-B98D-427C443A407B}.Debug|x86.Build.0 = Debug|Any CPU
		{0773003E-B863-4328-B98D-427C443A407B}.Release|Any CPU.ActiveCfg = Release|Any CPU
		{0773003E-B863-4328-B98D-427C443A407B}.Release|Any CPU.Build.0 = Release|Any CPU
		{0773003E-B863-4328-B98D-427C443A407B}.Release|ARM.ActiveCfg = Release|Any CPU
		{0773003E-B863-4328-B98D-427C443A407B}.Release|ARM.Build.0 = Release|Any CPU
		{0773003E-B863-4328-B98D-427C443A407B}.Release|ARM64.ActiveCfg = Release|Any CPU
		{0773003E-B863-4328-B98D-427C443A407B}.Release|ARM64.Build.0 = Release|Any CPU
		{0773003E-B863-4328-B98D-427C443A407B}.Release|x64.ActiveCfg = Release|Any CPU
		{0773003E-B863-4328-B98D-427C443A407B}.Release|x64.Build.0 = Release|Any CPU
		{0773003E-B863-4328-B98D-427C443A407B}.Release|x86.ActiveCfg = Release|Any CPU
		{0773003E-B863-4328-B98D-427C443A407B}.Release|x86.Build.0 = Release|Any CPU
	EndGlobalSection
	GlobalSection(SolutionProperties) = preSolution
		HideSolutionNode = FALSE
	EndGlobalSection
	GlobalSection(ExtensibilityGlobals) = postSolution
		SolutionGuid = {F55B4D53-0A72-49CF-9635-830350365863}
	EndGlobalSection
EndGlobal
